// !$*UTF8*$!
{
	archiveVersion = 1;
	classes = {
	};
	objectVersion = 46;
	objects = {

/* Begin PBXBuildFile section */
		C6A241971C8BB0B7003ACB22 /* main.m in Sources */ = {isa = PBXBuildFile; fileRef = C6A241961C8BB0B7003ACB22 /* main.m */; };
		C6A2419A1C8BB0B7003ACB22 /* AppDelegate.m in Sources */ = {isa = PBXBuildFile; fileRef = C6A241991C8BB0B7003ACB22 /* AppDelegate.m */; };
		C6A2419D1C8BB0B7003ACB22 /* ViewController.m in Sources */ = {isa = PBXBuildFile; fileRef = C6A2419C1C8BB0B7003ACB22 /* ViewController.m */; };
		C6A241A01C8BB0B7003ACB22 /* Main.storyboard in Resources */ = {isa = PBXBuildFile; fileRef = C6A2419E1C8BB0B7003ACB22 /* Main.storyboard */; };
		C6A241A21C8BB0B7003ACB22 /* Assets.xcassets in Resources */ = {isa = PBXBuildFile; fileRef = C6A241A11C8BB0B7003ACB22 /* Assets.xcassets */; };
		C6A241A51C8BB0B7003ACB22 /* LaunchScreen.storyboard in Resources */ = {isa = PBXBuildFile; fileRef = C6A241A31C8BB0B7003ACB22 /* LaunchScreen.storyboard */; };
		C6A241B01C8BB0B7003ACB22 /* BVViewTests.m in Sources */ = {isa = PBXBuildFile; fileRef = C6A241AF1C8BB0B7003ACB22 /* BVViewTests.m */; };
		C6A241BB1C8BB0B7003ACB22 /* BVViewUITests.m in Sources */ = {isa = PBXBuildFile; fileRef = C6A241BA1C8BB0B7003ACB22 /* BVViewUITests.m */; };
/* End PBXBuildFile section */

/* Begin PBXContainerItemProxy section */
		C6A241AC1C8BB0B7003ACB22 /* PBXContainerItemProxy */ = {
			isa = PBXContainerItemProxy;
			containerPortal = C6A2418A1C8BB0B7003ACB22 /* Project object */;
			proxyType = 1;
			remoteGlobalIDString = C6A241911C8BB0B7003ACB22;
			remoteInfo = BVView;
		};
		C6A241B71C8BB0B7003ACB22 /* PBXContainerItemProxy */ = {
			isa = PBXContainerItemProxy;
			containerPortal = C6A2418A1C8BB0B7003ACB22 /* Project object */;
			proxyType = 1;
			remoteGlobalIDString = C6A241911C8BB0B7003ACB22;
			remoteInfo = BVView;
		};
/* End PBXContainerItemProxy section */

/* Begin PBXFileReference section */
		C6A241921C8BB0B7003ACB22 /* BVView.app */ = {isa = PBXFileReference; explicitFileType = wrapper.application; includeInIndex = 0; path = BVView.app; sourceTree = BUILT_PRODUCTS_DIR; };
		C6A241961C8BB0B7003ACB22 /* main.m */ = {isa = PBXFileReference; lastKnownFileType = sourcecode.c.objc; path = main.m; sourceTree = "<group>"; };
		C6A241981C8BB0B7003ACB22 /* AppDelegate.h */ = {isa = PBXFileReference; lastKnownFileType = sourcecode.c.h; path = AppDelegate.h; sourceTree = "<group>"; };
		C6A241991C8BB0B7003ACB22 /* AppDelegate.m */ = {isa = PBXFileReference; lastKnownFileType = sourcecode.c.objc; path = AppDelegate.m; sourceTree = "<group>"; };
		C6A2419B1C8BB0B7003ACB22 /* ViewController.h */ = {isa = PBXFileReference; lastKnownFileType = sourcecode.c.h; path = ViewController.h; sourceTree = "<group>"; };
		C6A2419C1C8BB0B7003ACB22 /* ViewController.m */ = {isa = PBXFileReference; lastKnownFileType = sourcecode.c.objc; path = ViewController.m; sourceTree = "<group>"; };
		C6A2419F1C8BB0B7003ACB22 /* Base */ = {isa = PBXFileReference; lastKnownFileType = file.storyboard; name = Base; path = Base.lproj/Main.storyboard; sourceTree = "<group>"; };
		C6A241A11C8BB0B7003ACB22 /* Assets.xcassets */ = {isa = PBXFileReference; lastKnownFileType = folder.assetcatalog; path = Assets.xcassets; sourceTree = "<group>"; };
		C6A241A41C8BB0B7003ACB22 /* Base */ = {isa = PBXFileReference; lastKnownFileType = file.storyboard; name = Base; path = Base.lproj/LaunchScreen.storyboard; sourceTree = "<group>"; };
		C6A241A61C8BB0B7003ACB22 /* Info.plist */ = {isa = PBXFileReference; lastKnownFileType = text.plist.xml; path = Info.plist; sourceTree = "<group>"; };
		C6A241AB1C8BB0B7003ACB22 /* BVViewTests.xctest */ = {isa = PBXFileReference; explicitFileType = wrapper.cfbundle; includeInIndex = 0; path = BVViewTests.xctest; sourceTree = BUILT_PRODUCTS_DIR; };
		C6A241AF1C8BB0B7003ACB22 /* BVViewTests.m */ = {isa = PBXFileReference; lastKnownFileType = sourcecode.c.objc; path = BVViewTests.m; sourceTree = "<group>"; };
		C6A241B11C8BB0B7003ACB22 /* Info.plist */ = {isa = PBXFileReference; lastKnownFileType = text.plist.xml; path = Info.plist; sourceTree = "<group>"; };
		C6A241B61C8BB0B7003ACB22 /* BVViewUITests.xctest */ = {isa = PBXFileReference; explicitFileType = wrapper.cfbundle; includeInIndex = 0; path = BVViewUITests.xctest; sourceTree = BUILT_PRODUCTS_DIR; };
		C6A241BA1C8BB0B7003ACB22 /* BVViewUITests.m */ = {isa = PBXFileReference; lastKnownFileType = sourcecode.c.objc; path = BVViewUITests.m; sourceTree = "<group>"; };
		C6A241BC1C8BB0B7003ACB22 /* Info.plist */ = {isa = PBXFileReference; lastKnownFileType = text.plist.xml; path = Info.plist; sourceTree = "<group>"; };
/* End PBXFileReference section */

/* Begin PBXFrameworksBuildPhase section */
		C6A2418F1C8BB0B7003ACB22 /* Frameworks */ = {
			isa = PBXFrameworksBuildPhase;
			buildActionMask = 2147483647;
			files = (
			);
			runOnlyForDeploymentPostprocessing = 0;
		};
		C6A241A81C8BB0B7003ACB22 /* Frameworks */ = {
			isa = PBXFrameworksBuildPhase;
			buildActionMask = 2147483647;
			files = (
			);
			runOnlyForDeploymentPostprocessing = 0;
		};
		C6A241B31C8BB0B7003ACB22 /* Frameworks */ = {
			isa = PBXFrameworksBuildPhase;
			buildActionMask = 2147483647;
			files = (
			);
			runOnlyForDeploymentPostprocessing = 0;
		};
/* End PBXFrameworksBuildPhase section */

/* Begin PBXGroup section */
		C6A241891C8BB0B7003ACB22 = {
			isa = PBXGroup;
			children = (
				C6A241941C8BB0B7003ACB22 /* BVView */,
				C6A241AE1C8BB0B7003ACB22 /* BVViewTests */,
				C6A241B91C8BB0B7003ACB22 /* BVViewUITests */,
				C6A241931C8BB0B7003ACB22 /* Products */,
			);
			sourceTree = "<group>";
		};
		C6A241931C8BB0B7003ACB22 /* Products */ = {
			isa = PBXGroup;
			children = (
				C6A241921C8BB0B7003ACB22 /* BVView.app */,
				C6A241AB1C8BB0B7003ACB22 /* BVViewTests.xctest */,
				C6A241B61C8BB0B7003ACB22 /* BVViewUITests.xctest */,
			);
			name = Products;
			sourceTree = "<group>";
		};
		C6A241941C8BB0B7003ACB22 /* BVView */ = {
			isa = PBXGroup;
			children = (
				C6A241981C8BB0B7003ACB22 /* AppDelegate.h */,
				C6A241991C8BB0B7003ACB22 /* AppDelegate.m */,
				C6A2419B1C8BB0B7003ACB22 /* ViewController.h */,
				C6A2419C1C8BB0B7003ACB22 /* ViewController.m */,
				C6A2419E1C8BB0B7003ACB22 /* Main.storyboard */,
				C6A241A11C8BB0B7003ACB22 /* Assets.xcassets */,
				C6A241A31C8BB0B7003ACB22 /* LaunchScreen.storyboard */,
				C6A241A61C8BB0B7003ACB22 /* Info.plist */,
				C6A241951C8BB0B7003ACB22 /* Supporting Files */,
			);
			path = BVView;
			sourceTree = "<group>";
		};
		C6A241951C8BB0B7003ACB22 /* Supporting Files */ = {
			isa = PBXGroup;
			children = (
				C6A241961C8BB0B7003ACB22 /* main.m */,
			);
			name = "Supporting Files";
			sourceTree = "<group>";
		};
		C6A241AE1C8BB0B7003ACB22 /* BVViewTests */ = {
			isa = PBXGroup;
			children = (
				C6A241AF1C8BB0B7003ACB22 /* BVViewTests.m */,
				C6A241B11C8BB0B7003ACB22 /* Info.plist */,
			);
			path = BVViewTests;
			sourceTree = "<group>";
		};
		C6A241B91C8BB0B7003ACB22 /* BVViewUITests */ = {
			isa = PBXGroup;
			children = (
				C6A241BA1C8BB0B7003ACB22 /* BVViewUITests.m */,
				C6A241BC1C8BB0B7003ACB22 /* Info.plist */,
			);
			path = BVViewUITests;
			sourceTree = "<group>";
		};
/* End PBXGroup section */

/* Begin PBXNativeTarget section */
		C6A241911C8BB0B7003ACB22 /* BVView */ = {
			isa = PBXNativeTarget;
			buildConfigurationList = C6A241BF1C8BB0B7003ACB22 /* Build configuration list for PBXNativeTarget "BVView" */;
			buildPhases = (
				C6A2418E1C8BB0B7003ACB22 /* Sources */,
				C6A2418F1C8BB0B7003ACB22 /* Frameworks */,
				C6A241901C8BB0B7003ACB22 /* Resources */,
			);
			buildRules = (
			);
			dependencies = (
			);
			name = BVView;
			productName = BVView;
			productReference = C6A241921C8BB0B7003ACB22 /* BVView.app */;
			productType = "com.apple.product-type.application";
		};
		C6A241AA1C8BB0B7003ACB22 /* BVViewTests */ = {
			isa = PBXNativeTarget;
			buildConfigurationList = C6A241C21C8BB0B7003ACB22 /* Build configuration list for PBXNativeTarget "BVViewTests" */;
			buildPhases = (
				C6A241A71C8BB0B7003ACB22 /* Sources */,
				C6A241A81C8BB0B7003ACB22 /* Frameworks */,
				C6A241A91C8BB0B7003ACB22 /* Resources */,
			);
			buildRules = (
			);
			dependencies = (
				C6A241AD1C8BB0B7003ACB22 /* PBXTargetDependency */,
			);
			name = BVViewTests;
			productName = BVViewTests;
			productReference = C6A241AB1C8BB0B7003ACB22 /* BVViewTests.xctest */;
			productType = "com.apple.product-type.bundle.unit-test";
		};
		C6A241B51C8BB0B7003ACB22 /* BVViewUITests */ = {
			isa = PBXNativeTarget;
			buildConfigurationList = C6A241C51C8BB0B7003ACB22 /* Build configuration list for PBXNativeTarget "BVViewUITests" */;
			buildPhases = (
				C6A241B21C8BB0B7003ACB22 /* Sources */,
				C6A241B31C8BB0B7003ACB22 /* Frameworks */,
				C6A241B41C8BB0B7003ACB22 /* Resources */,
			);
			buildRules = (
			);
			dependencies = (
				C6A241B81C8BB0B7003ACB22 /* PBXTargetDependency */,
			);
			name = BVViewUITests;
			productName = BVViewUITests;
			productReference = C6A241B61C8BB0B7003ACB22 /* BVViewUITests.xctest */;
			productType = "com.apple.product-type.bundle.ui-testing";
		};
/* End PBXNativeTarget section */

/* Begin PBXProject section */
		C6A2418A1C8BB0B7003ACB22 /* Project object */ = {
			isa = PBXProject;
			attributes = {
				LastUpgradeCheck = 0720;
				ORGANIZATIONNAME = bever;
				TargetAttributes = {
					C6A241911C8BB0B7003ACB22 = {
						CreatedOnToolsVersion = 7.2;
					};
					C6A241AA1C8BB0B7003ACB22 = {
						CreatedOnToolsVersion = 7.2;
						TestTargetID = C6A241911C8BB0B7003ACB22;
					};
					C6A241B51C8BB0B7003ACB22 = {
						CreatedOnToolsVersion = 7.2;
						TestTargetID = C6A241911C8BB0B7003ACB22;
					};
				};
			};
			buildConfigurationList = C6A2418D1C8BB0B7003ACB22 /* Build configuration list for PBXProject "BVView" */;
			compatibilityVersion = "Xcode 3.2";
			developmentRegion = English;
			hasScannedForEncodings = 0;
			knownRegions = (
				en,
				Base,
			);
			mainGroup = C6A241891C8BB0B7003ACB22;
			productRefGroup = C6A241931C8BB0B7003ACB22 /* Products */;
			projectDirPath = "";
			projectRoot = "";
			targets = (
				C6A241911C8BB0B7003ACB22 /* BVView */,
				C6A241AA1C8BB0B7003ACB22 /* BVViewTests */,
				C6A241B51C8BB0B7003ACB22 /* BVViewUITests */,
			);
		};
/* End PBXProject section */

/* Begin PBXResourcesBuildPhase section */
		C6A241901C8BB0B7003ACB22 /* Resources */ = {
			isa = PBXResourcesBuildPhase;
			buildActionMask = 2147483647;
			files = (
				C6A241A51C8BB0B7003ACB22 /* LaunchScreen.storyboard in Resources */,
				C6A241A21C8BB0B7003ACB22 /* Assets.xcassets in Resources */,
				C6A241A01C8BB0B7003ACB22 /* Main.storyboard in Resources */,
			);
			runOnlyForDeploymentPostprocessing = 0;
		};
		C6A241A91C8BB0B7003ACB22 /* Resources */ = {
			isa = PBXResourcesBuildPhase;
			buildActionMask = 2147483647;
			files = (
			);
			runOnlyForDeploymentPostprocessing = 0;
		};
		C6A241B41C8BB0B7003ACB22 /* Resources */ = {
			isa = PBXResourcesBuildPhase;
			buildActionMask = 2147483647;
			files = (
			);
			runOnlyForDeploymentPostprocessing = 0;
		};
/* End PBXResourcesBuildPhase section */

/* Begin PBXSourcesBuildPhase section */
		C6A2418E1C8BB0B7003ACB22 /* Sources */ = {
			isa = PBXSourcesBuildPhase;
			buildActionMask = 2147483647;
			files = (
				C6A2419D1C8BB0B7003ACB22 /* ViewController.m in Sources */,
				C6A2419A1C8BB0B7003ACB22 /* AppDelegate.m in Sources */,
				C6A241971C8BB0B7003ACB22 /* main.m in Sources */,
			);
			runOnlyForDeploymentPostprocessing = 0;
		};
		C6A241A71C8BB0B7003ACB22 /* Sources */ = {
			isa = PBXSourcesBuildPhase;
			buildActionMask = 2147483647;
			files = (
				C6A241B01C8BB0B7003ACB22 /* BVViewTests.m in Sources */,
			);
			runOnlyForDeploymentPostprocessing = 0;
		};
		C6A241B21C8BB0B7003ACB22 /* Sources */ = {
			isa = PBXSourcesBuildPhase;
			buildActionMask = 2147483647;
			files = (
				C6A241BB1C8BB0B7003ACB22 /* BVViewUITests.m in Sources */,
			);
			runOnlyForDeploymentPostprocessing = 0;
		};
/* End PBXSourcesBuildPhase section */

/* Begin PBXTargetDependency section */
		C6A241AD1C8BB0B7003ACB22 /* PBXTargetDependency */ = {
			isa = PBXTargetDependency;
			target = C6A241911C8BB0B7003ACB22 /* BVView */;
			targetProxy = C6A241AC1C8BB0B7003ACB22 /* PBXContainerItemProxy */;
		};
		C6A241B81C8BB0B7003ACB22 /* PBXTargetDependency */ = {
			isa = PBXTargetDependency;
			target = C6A241911C8BB0B7003ACB22 /* BVView */;
			targetProxy = C6A241B71C8BB0B7003ACB22 /* PBXContainerItemProxy */;
		};
/* End PBXTargetDependency section */

/* Begin PBXVariantGroup section */
		C6A2419E1C8BB0B7003ACB22 /* Main.storyboard */ = {
			isa = PBXVariantGroup;
			children = (
				C6A2419F1C8BB0B7003ACB22 /* Base */,
			);
			name = Main.storyboard;
			sourceTree = "<group>";
		};
		C6A241A31C8BB0B7003ACB22 /* LaunchScreen.storyboard */ = {
			isa = PBXVariantGroup;
			children = (
				C6A241A41C8BB0B7003ACB22 /* Base */,
			);
			name = LaunchScreen.storyboard;
			sourceTree = "<group>";
		};
/* End PBXVariantGroup section */

/* Begin XCBuildConfiguration section */
		C6A241BD1C8BB0B7003ACB22 /* Debug */ = {
			isa = XCBuildConfiguration;
			buildSettings = {
				ALWAYS_SEARCH_USER_PATHS = NO;
				CLANG_CXX_LANGUAGE_STANDARD = "gnu++0x";
				CLANG_CXX_LIBRARY = "libc++";
				CLANG_ENABLE_MODULES = YES;
				CLANG_ENABLE_OBJC_ARC = YES;
				CLANG_WARN_BOOL_CONVERSION = YES;
				CLANG_WARN_CONSTANT_CONVERSION = YES;
				CLANG_WARN_DIRECT_OBJC_ISA_USAGE = YES_ERROR;
				CLANG_WARN_EMPTY_BODY = YES;
				CLANG_WARN_ENUM_CONVERSION = YES;
				CLANG_WARN_INT_CONVERSION = YES;
				CLANG_WARN_OBJC_ROOT_CLASS = YES_ERROR;
				CLANG_WARN_UNREACHABLE_CODE = YES;
				CLANG_WARN__DUPLICATE_METHOD_MATCH = YES;
				"CODE_SIGN_IDENTITY[sdk=iphoneos*]" = "iPhone Developer";
				COPY_PHASE_STRIP = NO;
				DEBUG_INFORMATION_FORMAT = dwarf;
				ENABLE_STRICT_OBJC_MSGSEND = YES;
				ENABLE_TESTABILITY = YES;
				GCC_C_LANGUAGE_STANDARD = gnu99;
				GCC_DYNAMIC_NO_PIC = NO;
				GCC_NO_COMMON_BLOCKS = YES;
				GCC_OPTIMIZATION_LEVEL = 0;
				GCC_PREPROCESSOR_DEFINITIONS = (
					"DEBUG=1",
					"$(inherited)",
				);
				GCC_WARN_64_TO_32_BIT_CONVERSION = YES;
				GCC_WARN_ABOUT_RETURN_TYPE = YES_ERROR;
				GCC_WARN_UNDECLARED_SELECTOR = YES;
				GCC_WARN_UNINITIALIZED_AUTOS = YES_AGGRESSIVE;
				GCC_WARN_UNUSED_FUNCTION = YES;
				GCC_WARN_UNUSED_VARIABLE = YES;
				IPHONEOS_DEPLOYMENT_TARGET = 9.2;
				MTL_ENABLE_DEBUG_INFO = YES;
				ONLY_ACTIVE_ARCH = YES;
				SDKROOT = iphoneos;
				TARGETED_DEVICE_FAMILY = "1,2";
			};
			name = Debug;
		};
		C6A241BE1C8BB0B7003ACB22 /* Release */ = {
			isa = XCBuildConfiguration;
			buildSettings = {
				ALWAYS_SEARCH_USER_PATHS = NO;
				CLANG_CXX_LANGUAGE_STANDARD = "gnu++0x";
				CLANG_CXX_LIBRARY = "libc++";
				CLANG_ENABLE_MODULES = YES;
				CLANG_ENABLE_OBJC_ARC = YES;
				CLANG_WARN_BOOL_CONVERSION = YES;
				CLANG_WARN_CONSTANT_CONVERSION = YES;
				CLANG_WARN_DIRECT_OBJC_ISA_USAGE = YES_ERROR;
				CLANG_WARN_EMPTY_BODY = YES;
				CLANG_WARN_ENUM_CONVERSION = YES;
				CLANG_WARN_INT_CONVERSION = YES;
				CLANG_WARN_OBJC_ROOT_CLASS = YES_ERROR;
				CLANG_WARN_UNREACHABLE_CODE = YES;
				CLANG_WARN__DUPLICATE_METHOD_MATCH = YES;
				"CODE_SIGN_IDENTITY[sdk=iphoneos*]" = "iPhone Developer";
				COPY_PHASE_STRIP = NO;
				DEBUG_INFORMATION_FORMAT = "dwarf-with-dsym";
				ENABLE_NS_ASSERTIONS = NO;
				ENABLE_STRICT_OBJC_MSGSEND = YES;
				GCC_C_LANGUAGE_STANDARD = gnu99;
				GCC_NO_COMMON_BLOCKS = YES;
				GCC_WARN_64_TO_32_BIT_CONVERSION = YES;
				GCC_WARN_ABOUT_RETURN_TYPE = YES_ERROR;
				GCC_WARN_UNDECLARED_SELECTOR = YES;
				GCC_WARN_UNINITIALIZED_AUTOS = YES_AGGRESSIVE;
				GCC_WARN_UNUSED_FUNCTION = YES;
				GCC_WARN_UNUSED_VARIABLE = YES;
				IPHONEOS_DEPLOYMENT_TARGET = 9.2;
				MTL_ENABLE_DEBUG_INFO = NO;
				SDKROOT = iphoneos;
				TARGETED_DEVICE_FAMILY = "1,2";
				VALIDATE_PRODUCT = YES;
			};
			name = Release;
		};
		C6A241C01C8BB0B7003ACB22 /* Debug */ = {
			isa = XCBuildConfiguration;
			buildSettings = {
				ASSETCATALOG_COMPILER_APPICON_NAME = AppIcon;
				INFOPLIST_FILE = BVView/Info.plist;
				LD_RUNPATH_SEARCH_PATHS = "$(inherited) @executable_path/Frameworks";
				PRODUCT_BUNDLE_IDENTIFIER = www.bever.com.BVView;
				PRODUCT_NAME = "$(TARGET_NAME)";
			};
			name = Debug;
		};
		C6A241C11C8BB0B7003ACB22 /* Release */ = {
			isa = XCBuildConfiguration;
			buildSettings = {
				ASSETCATALOG_COMPILER_APPICON_NAME = AppIcon;
				INFOPLIST_FILE = BVView/Info.plist;
				LD_RUNPATH_SEARCH_PATHS = "$(inherited) @executable_path/Frameworks";
				PRODUCT_BUNDLE_IDENTIFIER = www.bever.com.BVView;
				PRODUCT_NAME = "$(TARGET_NAME)";
			};
			name = Release;
		};
		C6A241C31C8BB0B7003ACB22 /* Debug */ = {
			isa = XCBuildConfiguration;
			buildSettings = {
				BUNDLE_LOADER = "$(TEST_HOST)";
				INFOPLIST_FILE = BVViewTests/Info.plist;
				LD_RUNPATH_SEARCH_PATHS = "$(inherited) @executable_path/Frameworks @loader_path/Frameworks";
				PRODUCT_BUNDLE_IDENTIFIER = www.bever.com.BVViewTests;
				PRODUCT_NAME = "$(TARGET_NAME)";
				TEST_HOST = "$(BUILT_PRODUCTS_DIR)/BVView.app/BVView";
			};
			name = Debug;
		};
		C6A241C41C8BB0B7003ACB22 /* Release */ = {
			isa = XCBuildConfiguration;
			buildSettings = {
				BUNDLE_LOADER = "$(TEST_HOST)";
				INFOPLIST_FILE = BVViewTests/Info.plist;
				LD_RUNPATH_SEARCH_PATHS = "$(inherited) @executable_path/Frameworks @loader_path/Frameworks";
				PRODUCT_BUNDLE_IDENTIFIER = www.bever.com.BVViewTests;
				PRODUCT_NAME = "$(TARGET_NAME)";
				TEST_HOST = "$(BUILT_PRODUCTS_DIR)/BVView.app/BVView";
			};
			name = Release;
		};
		C6A241C61C8BB0B7003ACB22 /* Debug */ = {
			isa = XCBuildConfiguration;
			buildSettings = {
				INFOPLIST_FILE = BVViewUITests/Info.plist;
				LD_RUNPATH_SEARCH_PATHS = "$(inherited) @executable_path/Frameworks @loader_path/Frameworks";
				PRODUCT_BUNDLE_IDENTIFIER = www.bever.com.BVViewUITests;
				PRODUCT_NAME = "$(TARGET_NAME)";
				TEST_TARGET_NAME = BVView;
				USES_XCTRUNNER = YES;
			};
			name = Debug;
		};
		C6A241C71C8BB0B7003ACB22 /* Release */ = {
			isa = XCBuildConfiguration;
			buildSettings = {
				INFOPLIST_FILE = BVViewUITests/Info.plist;
				LD_RUNPATH_SEARCH_PATHS = "$(inherited) @executable_path/Frameworks @loader_path/Frameworks";
				PRODUCT_BUNDLE_IDENTIFIER = www.bever.com.BVViewUITests;
				PRODUCT_NAME = "$(TARGET_NAME)";
				TEST_TARGET_NAME = BVView;
				USES_XCTRUNNER = YES;
			};
			name = Release;
		};
/* End XCBuildConfiguration section */

/* Begin XCConfigurationList section */
		C6A2418D1C8BB0B7003ACB22 /* Build configuration list for PBXProject "BVView" */ = {
			isa = XCConfigurationList;
			buildConfigurations = (
				C6A241BD1C8BB0B7003ACB22 /* Debug */,
				C6A241BE1C8BB0B7003ACB22 /* Release */,
			);
			defaultConfigurationIsVisible = 0;
			defaultConfigurationName = Release;
		};
		C6A241BF1C8BB0B7003ACB22 /* Build configuration list for PBXNativeTarget "BVView" */ = {
			isa = XCConfigurationList;
			buildConfigurations = (
				C6A241C01C8BB0B7003ACB22 /* Debug */,
				C6A241C11C8BB0B7003ACB22 /* Release */,
			);
			defaultConfigurationIsVisible = 0;
		};
		C6A241C21C8BB0B7003ACB22 /* Build configuration list for PBXNativeTarget "BVViewTests" */ = {
			isa = XCConfigurationList;
			buildConfigurations = (
				C6A241C31C8BB0B7003ACB22 /* Debug */,
				C6A241C41C8BB0B7003ACB22 /* Release */,
			);
			defaultConfigurationIsVisible = 0;
		};
		C6A241C51C8BB0B7003ACB22 /* Build configuration list for PBXNativeTarget "BVViewUITests" */ = {
			isa = XCConfigurationList;
			buildConfigurations = (
				C6A241C61C8BB0B7003ACB22 /* Debug */,
				C6A241C71C8BB0B7003ACB22 /* Release */,
			);
			defaultConfigurationIsVisible = 0;
		};
/* End XCConfigurationList section */
	};
	rootObject = C6A2418A1C8BB0B7003ACB22 /* Project object */;
}
